// !$*UTF8*$!
{
	archiveVersion = 1;
	classes = {
	};
	objectVersion = 50;
	objects = {

/* Begin PBXBuildFile section */
		3AA5C81870DDF4228948F896 /* Pods_gotta.framework in Frameworks */ = {isa = PBXBuildFile; fileRef = F7C6F71A8A5D601209D7EA93 /* Pods_gotta.framework */; };
		6C482489220FFCAC007D2C14 /* CategoryVC.swift in Sources */ = {isa = PBXBuildFile; fileRef = 6C482487220FFCAC007D2C14 /* CategoryVC.swift */; };
		6C48248A220FFCAC007D2C14 /* CategoryVC.xib in Resources */ = {isa = PBXBuildFile; fileRef = 6C482488220FFCAC007D2C14 /* CategoryVC.xib */; };
		6C8FBF70220C319E0036AB74 /* AppDelegate.swift in Sources */ = {isa = PBXBuildFile; fileRef = 6C8FBF6F220C319E0036AB74 /* AppDelegate.swift */; };
		6C8FBF7A220C31A20036AB74 /* Assets.xcassets in Resources */ = {isa = PBXBuildFile; fileRef = 6C8FBF79220C31A20036AB74 /* Assets.xcassets */; };
		6C8FBF7D220C31A20036AB74 /* LaunchScreen.storyboard in Resources */ = {isa = PBXBuildFile; fileRef = 6C8FBF7B220C31A20036AB74 /* LaunchScreen.storyboard */; };
		6C8FBF8B220C33F70036AB74 /* TasksVC.swift in Sources */ = {isa = PBXBuildFile; fileRef = 6C8FBF89220C33F70036AB74 /* TasksVC.swift */; };
		6C8FBF8C220C33F70036AB74 /* TasksVC.xib in Resources */ = {isa = PBXBuildFile; fileRef = 6C8FBF8A220C33F70036AB74 /* TasksVC.xib */; };
		6C8FBF91220D4B190036AB74 /* Helpers.swift in Sources */ = {isa = PBXBuildFile; fileRef = 6C8FBF90220D4B190036AB74 /* Helpers.swift */; };
		6CBD3D4F22106D9B0066E7D3 /* Category.swift in Sources */ = {isa = PBXBuildFile; fileRef = 6CBD3D4E22106D9B0066E7D3 /* Category.swift */; };
		6CBD3D5122106DA30066E7D3 /* Task.swift in Sources */ = {isa = PBXBuildFile; fileRef = 6CBD3D5022106DA30066E7D3 /* Task.swift */; };
		6CBD3D5522128CD90066E7D3 /* SwipeTableVC.swift in Sources */ = {isa = PBXBuildFile; fileRef = 6CBD3D5422128CD90066E7D3 /* SwipeTableVC.swift */; };
/* End PBXBuildFile section */

/* Begin PBXFileReference section */
		6C482487220FFCAC007D2C14 /* CategoryVC.swift */ = {isa = PBXFileReference; lastKnownFileType = sourcecode.swift; path = CategoryVC.swift; sourceTree = "<group>"; };
		6C482488220FFCAC007D2C14 /* CategoryVC.xib */ = {isa = PBXFileReference; lastKnownFileType = file.xib; path = CategoryVC.xib; sourceTree = "<group>"; };
		6C8FBF6C220C319E0036AB74 /* gotta.app */ = {isa = PBXFileReference; explicitFileType = wrapper.application; includeInIndex = 0; path = gotta.app; sourceTree = BUILT_PRODUCTS_DIR; };
		6C8FBF6F220C319E0036AB74 /* AppDelegate.swift */ = {isa = PBXFileReference; lastKnownFileType = sourcecode.swift; path = AppDelegate.swift; sourceTree = "<group>"; };
		6C8FBF79220C31A20036AB74 /* Assets.xcassets */ = {isa = PBXFileReference; lastKnownFileType = folder.assetcatalog; path = Assets.xcassets; sourceTree = "<group>"; };
		6C8FBF7C220C31A20036AB74 /* Base */ = {isa = PBXFileReference; lastKnownFileType = file.storyboard; name = Base; path = Base.lproj/LaunchScreen.storyboard; sourceTree = "<group>"; };
		6C8FBF7E220C31A20036AB74 /* Info.plist */ = {isa = PBXFileReference; lastKnownFileType = text.plist.xml; path = Info.plist; sourceTree = "<group>"; };
		6C8FBF89220C33F70036AB74 /* TasksVC.swift */ = {isa = PBXFileReference; lastKnownFileType = sourcecode.swift; path = TasksVC.swift; sourceTree = "<group>"; };
		6C8FBF8A220C33F70036AB74 /* TasksVC.xib */ = {isa = PBXFileReference; lastKnownFileType = file.xib; path = TasksVC.xib; sourceTree = "<group>"; };
		6C8FBF90220D4B190036AB74 /* Helpers.swift */ = {isa = PBXFileReference; lastKnownFileType = sourcecode.swift; path = Helpers.swift; sourceTree = "<group>"; };
		6CBD3D4E22106D9B0066E7D3 /* Category.swift */ = {isa = PBXFileReference; lastKnownFileType = sourcecode.swift; path = Category.swift; sourceTree = "<group>"; };
		6CBD3D5022106DA30066E7D3 /* Task.swift */ = {isa = PBXFileReference; lastKnownFileType = sourcecode.swift; path = Task.swift; sourceTree = "<group>"; };
		6CBD3D5422128CD90066E7D3 /* SwipeTableVC.swift */ = {isa = PBXFileReference; lastKnownFileType = sourcecode.swift; path = SwipeTableVC.swift; sourceTree = "<group>"; };
		8D8C8BE649BABE43E2769121 /* Pods-gotta.debug.xcconfig */ = {isa = PBXFileReference; includeInIndex = 1; lastKnownFileType = text.xcconfig; name = "Pods-gotta.debug.xcconfig"; path = "Pods/Target Support Files/Pods-gotta/Pods-gotta.debug.xcconfig"; sourceTree = "<group>"; };
		B5AD0964433430AA00B930F1 /* Pods-gotta.release.xcconfig */ = {isa = PBXFileReference; includeInIndex = 1; lastKnownFileType = text.xcconfig; name = "Pods-gotta.release.xcconfig"; path = "Pods/Target Support Files/Pods-gotta/Pods-gotta.release.xcconfig"; sourceTree = "<group>"; };
		F7C6F71A8A5D601209D7EA93 /* Pods_gotta.framework */ = {isa = PBXFileReference; explicitFileType = wrapper.framework; includeInIndex = 0; path = Pods_gotta.framework; sourceTree = BUILT_PRODUCTS_DIR; };
/* End PBXFileReference section */

/* Begin PBXFrameworksBuildPhase section */
		6C8FBF69220C319E0036AB74 /* Frameworks */ = {
			isa = PBXFrameworksBuildPhase;
			buildActionMask = 2147483647;
			files = (
				3AA5C81870DDF4228948F896 /* Pods_gotta.framework in Frameworks */,
			);
			runOnlyForDeploymentPostprocessing = 0;
		};
/* End PBXFrameworksBuildPhase section */

/* Begin PBXGroup section */
		07D11FAB5022D9646B644424 /* Pods */ = {
			isa = PBXGroup;
			children = (
				8D8C8BE649BABE43E2769121 /* Pods-gotta.debug.xcconfig */,
				B5AD0964433430AA00B930F1 /* Pods-gotta.release.xcconfig */,
			);
			name = Pods;
			sourceTree = "<group>";
		};
		6C8FBF63220C319E0036AB74 = {
			isa = PBXGroup;
			children = (
				6C8FBF6E220C319E0036AB74 /* Gotta */,
				6C8FBF6D220C319E0036AB74 /* Products */,
				07D11FAB5022D9646B644424 /* Pods */,
				9FB594A1515065B1D4918974 /* Frameworks */,
			);
			sourceTree = "<group>";
		};
		6C8FBF6D220C319E0036AB74 /* Products */ = {
			isa = PBXGroup;
			children = (
				6C8FBF6C220C319E0036AB74 /* gotta.app */,
			);
			name = Products;
			sourceTree = "<group>";
		};
		6C8FBF6E220C319E0036AB74 /* Gotta */ = {
			isa = PBXGroup;
			children = (
				6C8FBF6F220C319E0036AB74 /* AppDelegate.swift */,
				6C8FBF79220C31A20036AB74 /* Assets.xcassets */,
				6C8FBF7B220C31A20036AB74 /* LaunchScreen.storyboard */,
				6C8FBF7E220C31A20036AB74 /* Info.plist */,
				6C8FBF88220C32410036AB74 /* Controller */,
				6C8FBF8F220D06C30036AB74 /* Model */,
				6C8FBF92220D4B1D0036AB74 /* SupportingFiles */,
			);
			path = Gotta;
			sourceTree = "<group>";
		};
		6C8FBF88220C32410036AB74 /* Controller */ = {
			isa = PBXGroup;
			children = (
				6C482487220FFCAC007D2C14 /* CategoryVC.swift */,
				6C482488220FFCAC007D2C14 /* CategoryVC.xib */,
				6C8FBF89220C33F70036AB74 /* TasksVC.swift */,
				6C8FBF8A220C33F70036AB74 /* TasksVC.xib */,
				6CBD3D5422128CD90066E7D3 /* SwipeTableVC.swift */,
			);
			path = Controller;
			sourceTree = "<group>";
		};
		6C8FBF8F220D06C30036AB74 /* Model */ = {
			isa = PBXGroup;
			children = (
				6CBD3D4E22106D9B0066E7D3 /* Category.swift */,
				6CBD3D5022106DA30066E7D3 /* Task.swift */,
			);
			path = Model;
			sourceTree = "<group>";
		};
		6C8FBF92220D4B1D0036AB74 /* SupportingFiles */ = {
			isa = PBXGroup;
			children = (
				6C8FBF90220D4B190036AB74 /* Helpers.swift */,
			);
			path = SupportingFiles;
			sourceTree = "<group>";
		};
		9FB594A1515065B1D4918974 /* Frameworks */ = {
			isa = PBXGroup;
			children = (
				F7C6F71A8A5D601209D7EA93 /* Pods_gotta.framework */,
			);
			name = Frameworks;
			sourceTree = "<group>";
		};
/* End PBXGroup section */

/* Begin PBXNativeTarget section */
		6C8FBF6B220C319E0036AB74 /* gotta */ = {
			isa = PBXNativeTarget;
			buildConfigurationList = 6C8FBF81220C31A20036AB74 /* Build configuration list for PBXNativeTarget "gotta" */;
			buildPhases = (
				D93D05BE7DF66379E4415461 /* [CP] Check Pods Manifest.lock */,
				6C8FBF68220C319E0036AB74 /* Sources */,
				6C8FBF69220C319E0036AB74 /* Frameworks */,
				6C8FBF6A220C319E0036AB74 /* Resources */,
				CCCA0C769E6388B53AF6F414 /* [CP] Embed Pods Frameworks */,
			);
			buildRules = (
			);
			dependencies = (
			);
			name = gotta;
			productName = gotta;
			productReference = 6C8FBF6C220C319E0036AB74 /* gotta.app */;
			productType = "com.apple.product-type.application";
		};
/* End PBXNativeTarget section */

/* Begin PBXProject section */
		6C8FBF64220C319E0036AB74 /* Project object */ = {
			isa = PBXProject;
			attributes = {
				LastSwiftUpdateCheck = 1010;
				LastUpgradeCheck = 1010;
				ORGANIZATIONNAME = "Lahari Ganti";
				TargetAttributes = {
					6C8FBF6B220C319E0036AB74 = {
						CreatedOnToolsVersion = 10.1;
						LastSwiftMigration = 1020;
					};
				};
			};
			buildConfigurationList = 6C8FBF67220C319E0036AB74 /* Build configuration list for PBXProject "Gotta" */;
			compatibilityVersion = "Xcode 9.3";
			developmentRegion = en;
			hasScannedForEncodings = 0;
			knownRegions = (
				en,
				Base,
			);
			mainGroup = 6C8FBF63220C319E0036AB74;
			productRefGroup = 6C8FBF6D220C319E0036AB74 /* Products */;
			projectDirPath = "";
			projectRoot = "";
			targets = (
				6C8FBF6B220C319E0036AB74 /* gotta */,
			);
		};
/* End PBXProject section */

/* Begin PBXResourcesBuildPhase section */
		6C8FBF6A220C319E0036AB74 /* Resources */ = {
			isa = PBXResourcesBuildPhase;
			buildActionMask = 2147483647;
			files = (
				6C8FBF7D220C31A20036AB74 /* LaunchScreen.storyboard in Resources */,
				6C48248A220FFCAC007D2C14 /* CategoryVC.xib in Resources */,
				6C8FBF7A220C31A20036AB74 /* Assets.xcassets in Resources */,
				6C8FBF8C220C33F70036AB74 /* TasksVC.xib in Resources */,
			);
			runOnlyForDeploymentPostprocessing = 0;
		};
/* End PBXResourcesBuildPhase section */

/* Begin PBXShellScriptBuildPhase section */
		CCCA0C769E6388B53AF6F414 /* [CP] Embed Pods Frameworks */ = {
			isa = PBXShellScriptBuildPhase;
			buildActionMask = 2147483647;
			files = (
			);
			inputFileListPaths = (
			);
			inputPaths = (
				"${SRCROOT}/Pods/Target Support Files/Pods-gotta/Pods-gotta-frameworks.sh",
				"${BUILT_PRODUCTS_DIR}/ChameleonFramework/ChameleonFramework.framework",
				"${BUILT_PRODUCTS_DIR}/Realm/Realm.framework",
				"${BUILT_PRODUCTS_DIR}/RealmSwift/RealmSwift.framework",
				"${BUILT_PRODUCTS_DIR}/SwipeCellKit/SwipeCellKit.framework",
			);
			name = "[CP] Embed Pods Frameworks";
			outputFileListPaths = (
			);
			outputPaths = (
				"${TARGET_BUILD_DIR}/${FRAMEWORKS_FOLDER_PATH}/ChameleonFramework.framework",
				"${TARGET_BUILD_DIR}/${FRAMEWORKS_FOLDER_PATH}/Realm.framework",
				"${TARGET_BUILD_DIR}/${FRAMEWORKS_FOLDER_PATH}/RealmSwift.framework",
				"${TARGET_BUILD_DIR}/${FRAMEWORKS_FOLDER_PATH}/SwipeCellKit.framework",
			);
			runOnlyForDeploymentPostprocessing = 0;
			shellPath = /bin/sh;
			shellScript = "\"${SRCROOT}/Pods/Target Support Files/Pods-gotta/Pods-gotta-frameworks.sh\"\n";
			showEnvVarsInLog = 0;
		};
		D93D05BE7DF66379E4415461 /* [CP] Check Pods Manifest.lock */ = {
			isa = PBXShellScriptBuildPhase;
			buildActionMask = 2147483647;
			files = (
			);
			inputFileListPaths = (
			);
			inputPaths = (
				"${PODS_PODFILE_DIR_PATH}/Podfile.lock",
				"${PODS_ROOT}/Manifest.lock",
			);
			name = "[CP] Check Pods Manifest.lock";
			outputFileListPaths = (
			);
			outputPaths = (
				"$(DERIVED_FILE_DIR)/Pods-gotta-checkManifestLockResult.txt",
			);
			runOnlyForDeploymentPostprocessing = 0;
			shellPath = /bin/sh;
			shellScript = "diff \"${PODS_PODFILE_DIR_PATH}/Podfile.lock\" \"${PODS_ROOT}/Manifest.lock\" > /dev/null\nif [ $? != 0 ] ; then\n    # print error to STDERR\n    echo \"error: The sandbox is not in sync with the Podfile.lock. Run 'pod install' or update your CocoaPods installation.\" >&2\n    exit 1\nfi\n# This output is used by Xcode 'outputs' to avoid re-running this script phase.\necho \"SUCCESS\" > \"${SCRIPT_OUTPUT_FILE_0}\"\n";
			showEnvVarsInLog = 0;
		};
/* End PBXShellScriptBuildPhase section */

/* Begin PBXSourcesBuildPhase section */
		6C8FBF68220C319E0036AB74 /* Sources */ = {
			isa = PBXSourcesBuildPhase;
			buildActionMask = 2147483647;
			files = (
				6CBD3D5522128CD90066E7D3 /* SwipeTableVC.swift in Sources */,
				6C482489220FFCAC007D2C14 /* CategoryVC.swift in Sources */,
				6C8FBF8B220C33F70036AB74 /* TasksVC.swift in Sources */,
				6C8FBF91220D4B190036AB74 /* Helpers.swift in Sources */,
				6C8FBF70220C319E0036AB74 /* AppDelegate.swift in Sources */,
				6CBD3D5122106DA30066E7D3 /* Task.swift in Sources */,
				6CBD3D4F22106D9B0066E7D3 /* Category.swift in Sources */,
			);
			runOnlyForDeploymentPostprocessing = 0;
		};
/* End PBXSourcesBuildPhase section */

/* Begin PBXVariantGroup section */
		6C8FBF7B220C31A20036AB74 /* LaunchScreen.storyboard */ = {
			isa = PBXVariantGroup;
			children = (
				6C8FBF7C220C31A20036AB74 /* Base */,
			);
			name = LaunchScreen.storyboard;
			sourceTree = "<group>";
		};
/* End PBXVariantGroup section */

/* Begin XCBuildConfiguration section */
		6C8FBF7F220C31A20036AB74 /* Debug */ = {
			isa = XCBuildConfiguration;
			buildSettings = {
				ALWAYS_SEARCH_USER_PATHS = NO;
				CLANG_ANALYZER_NONNULL = YES;
				CLANG_ANALYZER_NUMBER_OBJECT_CONVERSION = YES_AGGRESSIVE;
				CLANG_CXX_LANGUAGE_STANDARD = "gnu++14";
				CLANG_CXX_LIBRARY = "libc++";
				CLANG_ENABLE_MODULES = YES;
				CLANG_ENABLE_OBJC_ARC = YES;
				CLANG_ENABLE_OBJC_WEAK = YES;
				CLANG_WARN_BLOCK_CAPTURE_AUTORELEASING = YES;
				CLANG_WARN_BOOL_CONVERSION = YES;
				CLANG_WARN_COMMA = YES;
				CLANG_WARN_CONSTANT_CONVERSION = YES;
				CLANG_WARN_DEPRECATED_OBJC_IMPLEMENTATIONS = YES;
				CLANG_WARN_DIRECT_OBJC_ISA_USAGE = YES_ERROR;
				CLANG_WARN_DOCUMENTATION_COMMENTS = YES;
				CLANG_WARN_EMPTY_BODY = YES;
				CLANG_WARN_ENUM_CONVERSION = YES;
				CLANG_WARN_INFINITE_RECURSION = YES;
				CLANG_WARN_INT_CONVERSION = YES;
				CLANG_WARN_NON_LITERAL_NULL_CONVERSION = YES;
				CLANG_WARN_OBJC_IMPLICIT_RETAIN_SELF = YES;
				CLANG_WARN_OBJC_LITERAL_CONVERSION = YES;
				CLANG_WARN_OBJC_ROOT_CLASS = YES_ERROR;
				CLANG_WARN_RANGE_LOOP_ANALYSIS = YES;
				CLANG_WARN_STRICT_PROTOTYPES = YES;
				CLANG_WARN_SUSPICIOUS_MOVE = YES;
				CLANG_WARN_UNGUARDED_AVAILABILITY = YES_AGGRESSIVE;
				CLANG_WARN_UNREACHABLE_CODE = YES;
				CLANG_WARN__DUPLICATE_METHOD_MATCH = YES;
				CODE_SIGN_IDENTITY = "iPhone Developer";
				COPY_PHASE_STRIP = NO;
				DEBUG_INFORMATION_FORMAT = dwarf;
				ENABLE_STRICT_OBJC_MSGSEND = YES;
				ENABLE_TESTABILITY = YES;
				GCC_C_LANGUAGE_STANDARD = gnu11;
				GCC_DYNAMIC_NO_PIC = NO;
				GCC_NO_COMMON_BLOCKS = YES;
				GCC_OPTIMIZATION_LEVEL = 0;
				GCC_PREPROCESSOR_DEFINITIONS = (
					"DEBUG=1",
					"$(inherited)",
				);
				GCC_WARN_64_TO_32_BIT_CONVERSION = YES;
				GCC_WARN_ABOUT_RETURN_TYPE = YES_ERROR;
				GCC_WARN_UNDECLARED_SELECTOR = YES;
				GCC_WARN_UNINITIALIZED_AUTOS = YES_AGGRESSIVE;
				GCC_WARN_UNUSED_FUNCTION = YES;
				GCC_WARN_UNUSED_VARIABLE = YES;
				IPHONEOS_DEPLOYMENT_TARGET = 12.1;
				MTL_ENABLE_DEBUG_INFO = INCLUDE_SOURCE;
				MTL_FAST_MATH = YES;
				ONLY_ACTIVE_ARCH = YES;
				SDKROOT = iphoneos;
				SWIFT_ACTIVE_COMPILATION_CONDITIONS = DEBUG;
				SWIFT_OPTIMIZATION_LEVEL = "-Onone";
			};
			name = Debug;
		};
		6C8FBF80220C31A20036AB74 /* Release */ = {
			isa = XCBuildConfiguration;
			buildSettings = {
				ALWAYS_SEARCH_USER_PATHS = NO;
				CLANG_ANALYZER_NONNULL = YES;
				CLANG_ANALYZER_NUMBER_OBJECT_CONVERSION = YES_AGGRESSIVE;
				CLANG_CXX_LANGUAGE_STANDARD = "gnu++14";
				CLANG_CXX_LIBRARY = "libc++";
				CLANG_ENABLE_MODULES = YES;
				CLANG_ENABLE_OBJC_ARC = YES;
				CLANG_ENABLE_OBJC_WEAK = YES;
				CLANG_WARN_BLOCK_CAPTURE_AUTORELEASING = YES;
				CLANG_WARN_BOOL_CONVERSION = YES;
				CLANG_WARN_COMMA = YES;
				CLANG_WARN_CONSTANT_CONVERSION = YES;
				CLANG_WARN_DEPRECATED_OBJC_IMPLEMENTATIONS = YES;
				CLANG_WARN_DIRECT_OBJC_ISA_USAGE = YES_ERROR;
				CLANG_WARN_DOCUMENTATION_COMMENTS = YES;
				CLANG_WARN_EMPTY_BODY = YES;
				CLANG_WARN_ENUM_CONVERSION = YES;
				CLANG_WARN_INFINITE_RECURSION = YES;
				CLANG_WARN_INT_CONVERSION = YES;
				CLANG_WARN_NON_LITERAL_NULL_CONVERSION = YES;
				CLANG_WARN_OBJC_IMPLICIT_RETAIN_SELF = YES;
				CLANG_WARN_OBJC_LITERAL_CONVERSION = YES;
				CLANG_WARN_OBJC_ROOT_CLASS = YES_ERROR;
				CLANG_WARN_RANGE_LOOP_ANALYSIS = YES;
				CLANG_WARN_STRICT_PROTOTYPES = YES;
				CLANG_WARN_SUSPICIOUS_MOVE = YES;
				CLANG_WARN_UNGUARDED_AVAILABILITY = YES_AGGRESSIVE;
				CLANG_WARN_UNREACHABLE_CODE = YES;
				CLANG_WARN__DUPLICATE_METHOD_MATCH = YES;
				CODE_SIGN_IDENTITY = "iPhone Developer";
				COPY_PHASE_STRIP = NO;
				DEBUG_INFORMATION_FORMAT = "dwarf-with-dsym";
				ENABLE_NS_ASSERTIONS = NO;
				ENABLE_STRICT_OBJC_MSGSEND = YES;
				GCC_C_LANGUAGE_STANDARD = gnu11;
				GCC_NO_COMMON_BLOCKS = YES;
				GCC_WARN_64_TO_32_BIT_CONVERSION = YES;
				GCC_WARN_ABOUT_RETURN_TYPE = YES_ERROR;
				GCC_WARN_UNDECLARED_SELECTOR = YES;
				GCC_WARN_UNINITIALIZED_AUTOS = YES_AGGRESSIVE;
				GCC_WARN_UNUSED_FUNCTION = YES;
				GCC_WARN_UNUSED_VARIABLE = YES;
				IPHONEOS_DEPLOYMENT_TARGET = 12.1;
				MTL_ENABLE_DEBUG_INFO = NO;
				MTL_FAST_MATH = YES;
				SDKROOT = iphoneos;
				SWIFT_COMPILATION_MODE = wholemodule;
				SWIFT_OPTIMIZATION_LEVEL = "-O";
				VALIDATE_PRODUCT = YES;
			};
			name = Release;
		};
		6C8FBF82220C31A20036AB74 /* Debug */ = {
			isa = XCBuildConfiguration;
			baseConfigurationReference = 8D8C8BE649BABE43E2769121 /* Pods-gotta.debug.xcconfig */;
			buildSettings = {
				ASSETCATALOG_COMPILER_APPICON_NAME = AppIcon;
				CODE_SIGN_IDENTITY = "iPhone Developer";
				CODE_SIGN_STYLE = Automatic;
				DEVELOPMENT_TEAM = 7699K39ZR4;
				INFOPLIST_FILE = gotta/Info.plist;
				LD_RUNPATH_SEARCH_PATHS = (
					"$(inherited)",
					"@executable_path/Frameworks",
				);
				PRODUCT_BUNDLE_IDENTIFIER = gmail.gplahari.gotta;
				PRODUCT_NAME = "$(TARGET_NAME)";
				PROVISIONING_PROFILE_SPECIFIER = "";
				SWIFT_VERSION = 5.0;
				TARGETED_DEVICE_FAMILY = "1,2";
			};
			name = Debug;
		};
		6C8FBF83220C31A20036AB74 /* Release */ = {
			isa = XCBuildConfiguration;
			baseConfigurationReference = B5AD0964433430AA00B930F1 /* Pods-gotta.release.xcconfig */;
			buildSettings = {
				ASSETCATALOG_COMPILER_APPICON_NAME = AppIcon;
				CODE_SIGN_IDENTITY = "iPhone Developer";
				CODE_SIGN_STYLE = Automatic;
				DEVELOPMENT_TEAM = 7699K39ZR4;
				INFOPLIST_FILE = gotta/Info.plist;
				LD_RUNPATH_SEARCH_PATHS = (
					"$(inherited)",
					"@executable_path/Frameworks",
				);
				PRODUCT_BUNDLE_IDENTIFIER = gmail.gplahari.gotta;
				PRODUCT_NAME = "$(TARGET_NAME)";
				PROVISIONING_PROFILE_SPECIFIER = "";
				SWIFT_VERSION = 5.0;
				TARGETED_DEVICE_FAMILY = "1,2";
			};
			name = Release;
		};
/* End XCBuildConfiguration section */

/* Begin XCConfigurationList section */
		6C8FBF67220C319E0036AB74 /* Build configuration list for PBXProject "Gotta" */ = {
			isa = XCConfigurationList;
			buildConfigurations = (
				6C8FBF7F220C31A20036AB74 /* Debug */,
				6C8FBF80220C31A20036AB74 /* Release */,
			);
			defaultConfigurationIsVisible = 0;
			defaultConfigurationName = Release;
		};
		6C8FBF81220C31A20036AB74 /* Build configuration list for PBXNativeTarget "gotta" */ = {
			isa = XCConfigurationList;
			buildConfigurations = (
				6C8FBF82220C31A20036AB74 /* Debug */,
				6C8FBF83220C31A20036AB74 /* Release */,
			);
			defaultConfigurationIsVisible = 0;
			defaultConfigurationName = Release;
		};
/* End XCConfigurationList section */
	};
	rootObject = 6C8FBF64220C319E0036AB74 /* Project object */;
}
